
Microsoft Visual Studio Solution File, Format Version 12.00
# Visual Studio Version 17
VisualStudioVersion = 17.10.35027.167
MinimumVisualStudioVersion = 10.0.40219.1
Project("{FAE04EC0-301F-11D3-BF4B-00C04F79EFBC}") = "HotelManagement", "HotelManagement\HotelManagement.csproj", "{3D11CCCA-BF93-46A9-AF03-21BD25FDEDD6}"
EndProject
Global
	GlobalSection(SolutionConfigurationPlatforms) = preSolution
		Debug|Any CPU = Debug|Any CPU
		Release|Any CPU = Release|Any CPU
	EndGlobalSection
	GlobalSection(ProjectConfigurationPlatforms) = postSolution
		{3D11CCCA-BF93-46A9-AF03-21BD25FDEDD6}.Debug|Any CPU.ActiveCfg = Debug|Any CPU
		{3D11CCCA-BF93-46A9-AF03-21BD25FDEDD6}.Debug|Any CPU.Build.0 = Debug|Any CPU
		{3D11CCCA-BF93-46A9-AF03-21BD25FDEDD6}.Release|Any CPU.ActiveCfg = Release|Any CPU
		{3D11CCCA-BF93-46A9-AF03-21BD25FDEDD6}.Release|Any CPU.Build.0 = Release|Any CPU
	EndGlobalSection
	GlobalSection(SolutionProperties) = preSolution
		HideSolutionNode = FALSE
	EndGlobalSection
	GlobalSection(ExtensibilityGlobals) = postSolution
		SolutionGuid = {4659DEAC-B773-44D2-81D8-DBBCF2E6A75A}
	EndGlobalSection
EndGlobal
